// !$*UTF8*$!
{
	archiveVersion = 1;
	classes = {
	};
	objectVersion = 56;
	objects = {

/* Begin PBXBuildFile section */
		078826F32BDA94A700307EC8 /* AxelDexApp.swift in Sources */ = {isa = PBXBuildFile; fileRef = 078826F22BDA94A700307EC8 /* AxelDexApp.swift */; };
		078826F52BDA94A700307EC8 /* ContentView.swift in Sources */ = {isa = PBXBuildFile; fileRef = 078826F42BDA94A700307EC8 /* ContentView.swift */; };
		078826F72BDA94A900307EC8 /* Assets.xcassets in Resources */ = {isa = PBXBuildFile; fileRef = 078826F62BDA94A900307EC8 /* Assets.xcassets */; };
		078826FA2BDA94A900307EC8 /* Preview Assets.xcassets in Resources */ = {isa = PBXBuildFile; fileRef = 078826F92BDA94A900307EC8 /* Preview Assets.xcassets */; };
		078827042BDA94A900307EC8 /* AxelDexTests.swift in Sources */ = {isa = PBXBuildFile; fileRef = 078827032BDA94A900307EC8 /* AxelDexTests.swift */; };
		0788270E2BDA94A900307EC8 /* AxelDexUITests.swift in Sources */ = {isa = PBXBuildFile; fileRef = 0788270D2BDA94A900307EC8 /* AxelDexUITests.swift */; };
		078827102BDA94A900307EC8 /* AxelDexUITestsLaunchTests.swift in Sources */ = {isa = PBXBuildFile; fileRef = 0788270F2BDA94A900307EC8 /* AxelDexUITestsLaunchTests.swift */; };
/* End PBXBuildFile section */

/* Begin PBXContainerItemProxy section */
		078827002BDA94A900307EC8 /* PBXContainerItemProxy */ = {
			isa = PBXContainerItemProxy;
			containerPortal = 078826E72BDA94A700307EC8 /* Project object */;
			proxyType = 1;
			remoteGlobalIDString = 078826EE2BDA94A700307EC8;
			remoteInfo = AxelDex;
		};
		0788270A2BDA94A900307EC8 /* PBXContainerItemProxy */ = {
			isa = PBXContainerItemProxy;
			containerPortal = 078826E72BDA94A700307EC8 /* Project object */;
			proxyType = 1;
			remoteGlobalIDString = 078826EE2BDA94A700307EC8;
			remoteInfo = AxelDex;
		};
/* End PBXContainerItemProxy section */

/* Begin PBXFileReference section */
		078826EF2BDA94A700307EC8 /* AxelDex.app */ = {isa = PBXFileReference; explicitFileType = wrapper.application; includeInIndex = 0; path = AxelDex.app; sourceTree = BUILT_PRODUCTS_DIR; };
		078826F22BDA94A700307EC8 /* AxelDexApp.swift */ = {isa = PBXFileReference; lastKnownFileType = sourcecode.swift; path = AxelDexApp.swift; sourceTree = "<group>"; };
		078826F42BDA94A700307EC8 /* ContentView.swift */ = {isa = PBXFileReference; lastKnownFileType = sourcecode.swift; path = ContentView.swift; sourceTree = "<group>"; };
		078826F62BDA94A900307EC8 /* Assets.xcassets */ = {isa = PBXFileReference; lastKnownFileType = folder.assetcatalog; path = Assets.xcassets; sourceTree = "<group>"; };
		078826F92BDA94A900307EC8 /* Preview Assets.xcassets */ = {isa = PBXFileReference; lastKnownFileType = folder.assetcatalog; path = "Preview Assets.xcassets"; sourceTree = "<group>"; };
		078826FF2BDA94A900307EC8 /* AxelDexTests.xctest */ = {isa = PBXFileReference; explicitFileType = wrapper.cfbundle; includeInIndex = 0; path = AxelDexTests.xctest; sourceTree = BUILT_PRODUCTS_DIR; };
		078827032BDA94A900307EC8 /* AxelDexTests.swift */ = {isa = PBXFileReference; lastKnownFileType = sourcecode.swift; path = AxelDexTests.swift; sourceTree = "<group>"; };
		078827092BDA94A900307EC8 /* AxelDexUITests.xctest */ = {isa = PBXFileReference; explicitFileType = wrapper.cfbundle; includeInIndex = 0; path = AxelDexUITests.xctest; sourceTree = BUILT_PRODUCTS_DIR; };
		0788270D2BDA94A900307EC8 /* AxelDexUITests.swift */ = {isa = PBXFileReference; lastKnownFileType = sourcecode.swift; path = AxelDexUITests.swift; sourceTree = "<group>"; };
		0788270F2BDA94A900307EC8 /* AxelDexUITestsLaunchTests.swift */ = {isa = PBXFileReference; lastKnownFileType = sourcecode.swift; path = AxelDexUITestsLaunchTests.swift; sourceTree = "<group>"; };
/* End PBXFileReference section */

/* Begin PBXFrameworksBuildPhase section */
		078826EC2BDA94A700307EC8 /* Frameworks */ = {
			isa = PBXFrameworksBuildPhase;
			buildActionMask = 2147483647;
			files = (
			);
			runOnlyForDeploymentPostprocessing = 0;
		};
		078826FC2BDA94A900307EC8 /* Frameworks */ = {
			isa = PBXFrameworksBuildPhase;
			buildActionMask = 2147483647;
			files = (
			);
			runOnlyForDeploymentPostprocessing = 0;
		};
		078827062BDA94A900307EC8 /* Frameworks */ = {
			isa = PBXFrameworksBuildPhase;
			buildActionMask = 2147483647;
			files = (
			);
			runOnlyForDeploymentPostprocessing = 0;
		};
/* End PBXFrameworksBuildPhase section */

/* Begin PBXGroup section */
		078826E62BDA94A700307EC8 = {
			isa = PBXGroup;
			children = (
				078826F12BDA94A700307EC8 /* AxelDex */,
				078827022BDA94A900307EC8 /* AxelDexTests */,
				0788270C2BDA94A900307EC8 /* AxelDexUITests */,
				078826F02BDA94A700307EC8 /* Products */,
			);
			sourceTree = "<group>";
		};
		078826F02BDA94A700307EC8 /* Products */ = {
			isa = PBXGroup;
			children = (
				078826EF2BDA94A700307EC8 /* AxelDex.app */,
				078826FF2BDA94A900307EC8 /* AxelDexTests.xctest */,
				078827092BDA94A900307EC8 /* AxelDexUITests.xctest */,
			);
			name = Products;
			sourceTree = "<group>";
		};
		078826F12BDA94A700307EC8 /* AxelDex */ = {
			isa = PBXGroup;
			children = (
				078826F22BDA94A700307EC8 /* AxelDexApp.swift */,
				078826F42BDA94A700307EC8 /* ContentView.swift */,
				078826F62BDA94A900307EC8 /* Assets.xcassets */,
				078826F82BDA94A900307EC8 /* Preview Content */,
			);
			path = AxelDex;
			sourceTree = "<group>";
		};
		078826F82BDA94A900307EC8 /* Preview Content */ = {
			isa = PBXGroup;
			children = (
				078826F92BDA94A900307EC8 /* Preview Assets.xcassets */,
			);
			path = "Preview Content";
			sourceTree = "<group>";
		};
		078827022BDA94A900307EC8 /* AxelDexTests */ = {
			isa = PBXGroup;
			children = (
				078827032BDA94A900307EC8 /* AxelDexTests.swift */,
			);
			path = AxelDexTests;
			sourceTree = "<group>";
		};
		0788270C2BDA94A900307EC8 /* AxelDexUITests */ = {
			isa = PBXGroup;
			children = (
				0788270D2BDA94A900307EC8 /* AxelDexUITests.swift */,
				0788270F2BDA94A900307EC8 /* AxelDexUITestsLaunchTests.swift */,
			);
			path = AxelDexUITests;
			sourceTree = "<group>";
		};
/* End PBXGroup section */

/* Begin PBXNativeTarget section */
		078826EE2BDA94A700307EC8 /* AxelDex */ = {
			isa = PBXNativeTarget;
			buildConfigurationList = 078827132BDA94A900307EC8 /* Build configuration list for PBXNativeTarget "AxelDex" */;
			buildPhases = (
				078826EB2BDA94A700307EC8 /* Sources */,
				078826EC2BDA94A700307EC8 /* Frameworks */,
				078826ED2BDA94A700307EC8 /* Resources */,
			);
			buildRules = (
			);
			dependencies = (
			);
			name = AxelDex;
			productName = AxelDex;
			productReference = 078826EF2BDA94A700307EC8 /* AxelDex.app */;
			productType = "com.apple.product-type.application";
		};
		078826FE2BDA94A900307EC8 /* AxelDexTests */ = {
			isa = PBXNativeTarget;
			buildConfigurationList = 078827162BDA94A900307EC8 /* Build configuration list for PBXNativeTarget "AxelDexTests" */;
			buildPhases = (
				078826FB2BDA94A900307EC8 /* Sources */,
				078826FC2BDA94A900307EC8 /* Frameworks */,
				078826FD2BDA94A900307EC8 /* Resources */,
			);
			buildRules = (
			);
			dependencies = (
				078827012BDA94A900307EC8 /* PBXTargetDependency */,
			);
			name = AxelDexTests;
			productName = AxelDexTests;
			productReference = 078826FF2BDA94A900307EC8 /* AxelDexTests.xctest */;
			productType = "com.apple.product-type.bundle.unit-test";
		};
		078827082BDA94A900307EC8 /* AxelDexUITests */ = {
			isa = PBXNativeTarget;
			buildConfigurationList = 078827192BDA94A900307EC8 /* Build configuration list for PBXNativeTarget "AxelDexUITests" */;
			buildPhases = (
				078827052BDA94A900307EC8 /* Sources */,
				078827062BDA94A900307EC8 /* Frameworks */,
				078827072BDA94A900307EC8 /* Resources */,
			);
			buildRules = (
			);
			dependencies = (
				0788270B2BDA94A900307EC8 /* PBXTargetDependency */,
			);
			name = AxelDexUITests;
			productName = AxelDexUITests;
			productReference = 078827092BDA94A900307EC8 /* AxelDexUITests.xctest */;
			productType = "com.apple.product-type.bundle.ui-testing";
		};
/* End PBXNativeTarget section */

/* Begin PBXProject section */
		078826E72BDA94A700307EC8 /* Project object */ = {
			isa = PBXProject;
			attributes = {
				BuildIndependentTargetsInParallel = 1;
				LastSwiftUpdateCheck = 1530;
				LastUpgradeCheck = 1530;
				TargetAttributes = {
					078826EE2BDA94A700307EC8 = {
						CreatedOnToolsVersion = 15.3;
					};
					078826FE2BDA94A900307EC8 = {
						CreatedOnToolsVersion = 15.3;
						TestTargetID = 078826EE2BDA94A700307EC8;
					};
					078827082BDA94A900307EC8 = {
						CreatedOnToolsVersion = 15.3;
						TestTargetID = 078826EE2BDA94A700307EC8;
					};
				};
			};
			buildConfigurationList = 078826EA2BDA94A700307EC8 /* Build configuration list for PBXProject "AxelDex" */;
			compatibilityVersion = "Xcode 14.0";
			developmentRegion = en;
			hasScannedForEncodings = 0;
			knownRegions = (
				en,
				Base,
			);
			mainGroup = 078826E62BDA94A700307EC8;
			productRefGroup = 078826F02BDA94A700307EC8 /* Products */;
			projectDirPath = "";
			projectRoot = "";
			targets = (
				078826EE2BDA94A700307EC8 /* AxelDex */,
				078826FE2BDA94A900307EC8 /* AxelDexTests */,
				078827082BDA94A900307EC8 /* AxelDexUITests */,
			);
		};
/* End PBXProject section */

/* Begin PBXResourcesBuildPhase section */
		078826ED2BDA94A700307EC8 /* Resources */ = {
			isa = PBXResourcesBuildPhase;
			buildActionMask = 2147483647;
			files = (
				078826FA2BDA94A900307EC8 /* Preview Assets.xcassets in Resources */,
				078826F72BDA94A900307EC8 /* Assets.xcassets in Resources */,
			);
			runOnlyForDeploymentPostprocessing = 0;
		};
		078826FD2BDA94A900307EC8 /* Resources */ = {
			isa = PBXResourcesBuildPhase;
			buildActionMask = 2147483647;
			files = (
			);
			runOnlyForDeploymentPostprocessing = 0;
		};
		078827072BDA94A900307EC8 /* Resources */ = {
			isa = PBXResourcesBuildPhase;
			buildActionMask = 2147483647;
			files = (
			);
			runOnlyForDeploymentPostprocessing = 0;
		};
/* End PBXResourcesBuildPhase section */

/* Begin PBXSourcesBuildPhase section */
		078826EB2BDA94A700307EC8 /* Sources */ = {
			isa = PBXSourcesBuildPhase;
			buildActionMask = 2147483647;
			files = (
				078826F52BDA94A700307EC8 /* ContentView.swift in Sources */,
				078826F32BDA94A700307EC8 /* AxelDexApp.swift in Sources */,
			);
			runOnlyForDeploymentPostprocessing = 0;
		};
		078826FB2BDA94A900307EC8 /* Sources */ = {
			isa = PBXSourcesBuildPhase;
			buildActionMask = 2147483647;
			files = (
				078827042BDA94A900307EC8 /* AxelDexTests.swift in Sources */,
			);
			runOnlyForDeploymentPostprocessing = 0;
		};
		078827052BDA94A900307EC8 /* Sources */ = {
			isa = PBXSourcesBuildPhase;
			buildActionMask = 2147483647;
			files = (
				078827102BDA94A900307EC8 /* AxelDexUITestsLaunchTests.swift in Sources */,
				0788270E2BDA94A900307EC8 /* AxelDexUITests.swift in Sources */,
			);
			runOnlyForDeploymentPostprocessing = 0;
		};
/* End PBXSourcesBuildPhase section */

/* Begin PBXTargetDependency section */
		078827012BDA94A900307EC8 /* PBXTargetDependency */ = {
			isa = PBXTargetDependency;
			target = 078826EE2BDA94A700307EC8 /* AxelDex */;
			targetProxy = 078827002BDA94A900307EC8 /* PBXContainerItemProxy */;
		};
		0788270B2BDA94A900307EC8 /* PBXTargetDependency */ = {
			isa = PBXTargetDependency;
			target = 078826EE2BDA94A700307EC8 /* AxelDex */;
			targetProxy = 0788270A2BDA94A900307EC8 /* PBXContainerItemProxy */;
		};
/* End PBXTargetDependency section */

/* Begin XCBuildConfiguration section */
		078827112BDA94A900307EC8 /* Debug */ = {
			isa = XCBuildConfiguration;
			buildSettings = {
				ALWAYS_SEARCH_USER_PATHS = NO;
				ASSETCATALOG_COMPILER_GENERATE_SWIFT_ASSET_SYMBOL_EXTENSIONS = YES;
				CLANG_ANALYZER_NONNULL = YES;
				CLANG_ANALYZER_NUMBER_OBJECT_CONVERSION = YES_AGGRESSIVE;
				CLANG_CXX_LANGUAGE_STANDARD = "gnu++20";
				CLANG_ENABLE_MODULES = YES;
				CLANG_ENABLE_OBJC_ARC = YES;
				CLANG_ENABLE_OBJC_WEAK = YES;
				CLANG_WARN_BLOCK_CAPTURE_AUTORELEASING = YES;
				CLANG_WARN_BOOL_CONVERSION = YES;
				CLANG_WARN_COMMA = YES;
				CLANG_WARN_CONSTANT_CONVERSION = YES;
				CLANG_WARN_DEPRECATED_OBJC_IMPLEMENTATIONS = YES;
				CLANG_WARN_DIRECT_OBJC_ISA_USAGE = YES_ERROR;
				CLANG_WARN_DOCUMENTATION_COMMENTS = YES;
				CLANG_WARN_EMPTY_BODY = YES;
				CLANG_WARN_ENUM_CONVERSION = YES;
				CLANG_WARN_INFINITE_RECURSION = YES;
				CLANG_WARN_INT_CONVERSION = YES;
				CLANG_WARN_NON_LITERAL_NULL_CONVERSION = YES;
				CLANG_WARN_OBJC_IMPLICIT_RETAIN_SELF = YES;
				CLANG_WARN_OBJC_LITERAL_CONVERSION = YES;
				CLANG_WARN_OBJC_ROOT_CLASS = YES_ERROR;
				CLANG_WARN_QUOTED_INCLUDE_IN_FRAMEWORK_HEADER = YES;
				CLANG_WARN_RANGE_LOOP_ANALYSIS = YES;
				CLANG_WARN_STRICT_PROTOTYPES = YES;
				CLANG_WARN_SUSPICIOUS_MOVE = YES;
				CLANG_WARN_UNGUARDED_AVAILABILITY = YES_AGGRESSIVE;
				CLANG_WARN_UNREACHABLE_CODE = YES;
				CLANG_WARN__DUPLICATE_METHOD_MATCH = YES;
				COPY_PHASE_STRIP = NO;
				DEBUG_INFORMATION_FORMAT = dwarf;
				ENABLE_STRICT_OBJC_MSGSEND = YES;
				ENABLE_TESTABILITY = YES;
				ENABLE_USER_SCRIPT_SANDBOXING = YES;
				GCC_C_LANGUAGE_STANDARD = gnu17;
				GCC_DYNAMIC_NO_PIC = NO;
				GCC_NO_COMMON_BLOCKS = YES;
				GCC_OPTIMIZATION_LEVEL = 0;
				GCC_PREPROCESSOR_DEFINITIONS = (
					"DEBUG=1",
					"$(inherited)",
				);
				GCC_WARN_64_TO_32_BIT_CONVERSION = YES;
				GCC_WARN_ABOUT_RETURN_TYPE = YES_ERROR;
				GCC_WARN_UNDECLARED_SELECTOR = YES;
				GCC_WARN_UNINITIALIZED_AUTOS = YES_AGGRESSIVE;
				GCC_WARN_UNUSED_FUNCTION = YES;
				GCC_WARN_UNUSED_VARIABLE = YES;
				IPHONEOS_DEPLOYMENT_TARGET = 17.4;
				LOCALIZATION_PREFERS_STRING_CATALOGS = YES;
				MTL_ENABLE_DEBUG_INFO = INCLUDE_SOURCE;
				MTL_FAST_MATH = YES;
				ONLY_ACTIVE_ARCH = YES;
				SDKROOT = iphoneos;
				SWIFT_ACTIVE_COMPILATION_CONDITIONS = "DEBUG $(inherited)";
				SWIFT_OPTIMIZATION_LEVEL = "-Onone";
			};
			name = Debug;
		};
		078827122BDA94A900307EC8 /* Release */ = {
			isa = XCBuildConfiguration;
			buildSettings = {
				ALWAYS_SEARCH_USER_PATHS = NO;
				ASSETCATALOG_COMPILER_GENERATE_SWIFT_ASSET_SYMBOL_EXTENSIONS = YES;
				CLANG_ANALYZER_NONNULL = YES;
				CLANG_ANALYZER_NUMBER_OBJECT_CONVERSION = YES_AGGRESSIVE;
				CLANG_CXX_LANGUAGE_STANDARD = "gnu++20";
				CLANG_ENABLE_MODULES = YES;
				CLANG_ENABLE_OBJC_ARC = YES;
				CLANG_ENABLE_OBJC_WEAK = YES;
				CLANG_WARN_BLOCK_CAPTURE_AUTORELEASING = YES;
				CLANG_WARN_BOOL_CONVERSION = YES;
				CLANG_WARN_COMMA = YES;
				CLANG_WARN_CONSTANT_CONVERSION = YES;
				CLANG_WARN_DEPRECATED_OBJC_IMPLEMENTATIONS = YES;
				CLANG_WARN_DIRECT_OBJC_ISA_USAGE = YES_ERROR;
				CLANG_WARN_DOCUMENTATION_COMMENTS = YES;
				CLANG_WARN_EMPTY_BODY = YES;
				CLANG_WARN_ENUM_CONVERSION = YES;
				CLANG_WARN_INFINITE_RECURSION = YES;
				CLANG_WARN_INT_CONVERSION = YES;
				CLANG_WARN_NON_LITERAL_NULL_CONVERSION = YES;
				CLANG_WARN_OBJC_IMPLICIT_RETAIN_SELF = YES;
				CLANG_WARN_OBJC_LITERAL_CONVERSION = YES;
				CLANG_WARN_OBJC_ROOT_CLASS = YES_ERROR;
				CLANG_WARN_QUOTED_INCLUDE_IN_FRAMEWORK_HEADER = YES;
				CLANG_WARN_RANGE_LOOP_ANALYSIS = YES;
				CLANG_WARN_STRICT_PROTOTYPES = YES;
				CLANG_WARN_SUSPICIOUS_MOVE = YES;
				CLANG_WARN_UNGUARDED_AVAILABILITY = YES_AGGRESSIVE;
				CLANG_WARN_UNREACHABLE_CODE = YES;
				CLANG_WARN__DUPLICATE_METHOD_MATCH = YES;
				COPY_PHASE_STRIP = NO;
				DEBUG_INFORMATION_FORMAT = "dwarf-with-dsym";
				ENABLE_NS_ASSERTIONS = NO;
				ENABLE_STRICT_OBJC_MSGSEND = YES;
				ENABLE_USER_SCRIPT_SANDBOXING = YES;
				GCC_C_LANGUAGE_STANDARD = gnu17;
				GCC_NO_COMMON_BLOCKS = YES;
				GCC_WARN_64_TO_32_BIT_CONVERSION = YES;
				GCC_WARN_ABOUT_RETURN_TYPE = YES_ERROR;
				GCC_WARN_UNDECLARED_SELECTOR = YES;
				GCC_WARN_UNINITIALIZED_AUTOS = YES_AGGRESSIVE;
				GCC_WARN_UNUSED_FUNCTION = YES;
				GCC_WARN_UNUSED_VARIABLE = YES;
				IPHONEOS_DEPLOYMENT_TARGET = 17.4;
				LOCALIZATION_PREFERS_STRING_CATALOGS = YES;
				MTL_ENABLE_DEBUG_INFO = NO;
				MTL_FAST_MATH = YES;
				SDKROOT = iphoneos;
				SWIFT_COMPILATION_MODE = wholemodule;
				VALIDATE_PRODUCT = YES;
			};
			name = Release;
		};
		078827142BDA94A900307EC8 /* Debug */ = {
			isa = XCBuildConfiguration;
			buildSettings = {
				ASSETCATALOG_COMPILER_APPICON_NAME = AppIcon;
				ASSETCATALOG_COMPILER_GLOBAL_ACCENT_COLOR_NAME = AccentColor;
				CODE_SIGN_STYLE = Automatic;
				CURRENT_PROJECT_VERSION = 1;
				DEVELOPMENT_ASSET_PATHS = "\"AxelDex/Preview Content\"";
				DEVELOPMENT_TEAM = 977Z6KPVB8;
				ENABLE_PREVIEWS = YES;
				GENERATE_INFOPLIST_FILE = YES;
				INFOPLIST_KEY_UIApplicationSceneManifest_Generation = YES;
				INFOPLIST_KEY_UIApplicationSupportsIndirectInputEvents = YES;
				INFOPLIST_KEY_UILaunchScreen_Generation = YES;
				INFOPLIST_KEY_UISupportedInterfaceOrientations_iPad = "UIInterfaceOrientationPortrait UIInterfaceOrientationPortraitUpsideDown UIInterfaceOrientationLandscapeLeft UIInterfaceOrientationLandscapeRight";
				INFOPLIST_KEY_UISupportedInterfaceOrientations_iPhone = "UIInterfaceOrientationPortrait UIInterfaceOrientationLandscapeLeft UIInterfaceOrientationLandscapeRight";
				LD_RUNPATH_SEARCH_PATHS = (
					"$(inherited)",
					"@executable_path/Frameworks",
				);
				MARKETING_VERSION = 1.0;
				PRODUCT_BUNDLE_IDENTIFIER = com.axeldev.AxelDex;
				PRODUCT_NAME = "$(TARGET_NAME)";
				SWIFT_EMIT_LOC_STRINGS = YES;
				SWIFT_VERSION = 5.0;
				TARGETED_DEVICE_FAMILY = "1,2";
			};
			name = Debug;
		};
		078827152BDA94A900307EC8 /* Release */ = {
			isa = XCBuildConfiguration;
			buildSettings = {
				ASSETCATALOG_COMPILER_APPICON_NAME = AppIcon;
				ASSETCATALOG_COMPILER_GLOBAL_ACCENT_COLOR_NAME = AccentColor;
				CODE_SIGN_STYLE = Automatic;
				CURRENT_PROJECT_VERSION = 1;
				DEVELOPMENT_ASSET_PATHS = "\"AxelDex/Preview Content\"";
				DEVELOPMENT_TEAM = 977Z6KPVB8;
				ENABLE_PREVIEWS = YES;
				GENERATE_INFOPLIST_FILE = YES;
				INFOPLIST_KEY_UIApplicationSceneManifest_Generation = YES;
				INFOPLIST_KEY_UIApplicationSupportsIndirectInputEvents = YES;
				INFOPLIST_KEY_UILaunchScreen_Generation = YES;
				INFOPLIST_KEY_UISupportedInterfaceOrientations_iPad = "UIInterfaceOrientationPortrait UIInterfaceOrientationPortraitUpsideDown UIInterfaceOrientationLandscapeLeft UIInterfaceOrientationLandscapeRight";
				INFOPLIST_KEY_UISupportedInterfaceOrientations_iPhone = "UIInterfaceOrientationPortrait UIInterfaceOrientationLandscapeLeft UIInterfaceOrientationLandscapeRight";
				LD_RUNPATH_SEARCH_PATHS = (
					"$(inherited)",
					"@executable_path/Frameworks",
				);
				MARKETING_VERSION = 1.0;
				PRODUCT_BUNDLE_IDENTIFIER = com.axeldev.AxelDex;
				PRODUCT_NAME = "$(TARGET_NAME)";
				SWIFT_EMIT_LOC_STRINGS = YES;
				SWIFT_VERSION = 5.0;
				TARGETED_DEVICE_FAMILY = "1,2";
			};
			name = Release;
		};
		078827172BDA94A900307EC8 /* Debug */ = {
			isa = XCBuildConfiguration;
			buildSettings = {
				ALWAYS_EMBED_SWIFT_STANDARD_LIBRARIES = YES;
				BUNDLE_LOADER = "$(TEST_HOST)";
				CODE_SIGN_STYLE = Automatic;
				CURRENT_PROJECT_VERSION = 1;
				DEVELOPMENT_TEAM = 977Z6KPVB8;
				GENERATE_INFOPLIST_FILE = YES;
				IPHONEOS_DEPLOYMENT_TARGET = 17.4;
				MARKETING_VERSION = 1.0;
				PRODUCT_BUNDLE_IDENTIFIER = com.axeldev.AxelDexTests;
				PRODUCT_NAME = "$(TARGET_NAME)";
				SWIFT_EMIT_LOC_STRINGS = NO;
				SWIFT_VERSION = 5.0;
				TARGETED_DEVICE_FAMILY = "1,2";
				TEST_HOST = "$(BUILT_PRODUCTS_DIR)/AxelDex.app/$(BUNDLE_EXECUTABLE_FOLDER_PATH)/AxelDex";
			};
			name = Debug;
		};
		078827182BDA94A900307EC8 /* Release */ = {
			isa = XCBuildConfiguration;
			buildSettings = {
				ALWAYS_EMBED_SWIFT_STANDARD_LIBRARIES = YES;
				BUNDLE_LOADER = "$(TEST_HOST)";
				CODE_SIGN_STYLE = Automatic;
				CURRENT_PROJECT_VERSION = 1;
				DEVELOPMENT_TEAM = 977Z6KPVB8;
				GENERATE_INFOPLIST_FILE = YES;
				IPHONEOS_DEPLOYMENT_TARGET = 17.4;
				MARKETING_VERSION = 1.0;
				PRODUCT_BUNDLE_IDENTIFIER = com.axeldev.AxelDexTests;
				PRODUCT_NAME = "$(TARGET_NAME)";
				SWIFT_EMIT_LOC_STRINGS = NO;
				SWIFT_VERSION = 5.0;
				TARGETED_DEVICE_FAMILY = "1,2";
				TEST_HOST = "$(BUILT_PRODUCTS_DIR)/AxelDex.app/$(BUNDLE_EXECUTABLE_FOLDER_PATH)/AxelDex";
			};
			name = Release;
		};
		0788271A2BDA94A900307EC8 /* Debug */ = {
			isa = XCBuildConfiguration;
			buildSettings = {
				ALWAYS_EMBED_SWIFT_STANDARD_LIBRARIES = YES;
				CODE_SIGN_STYLE = Automatic;
				CURRENT_PROJECT_VERSION = 1;
				DEVELOPMENT_TEAM = 977Z6KPVB8;
				GENERATE_INFOPLIST_FILE = YES;
				MARKETING_VERSION = 1.0;
				PRODUCT_BUNDLE_IDENTIFIER = com.axeldev.AxelDexUITests;
				PRODUCT_NAME = "$(TARGET_NAME)";
				SWIFT_EMIT_LOC_STRINGS = NO;
				SWIFT_VERSION = 5.0;
				TARGETED_DEVICE_FAMILY = "1,2";
				TEST_TARGET_NAME = AxelDex;
			};
			name = Debug;
		};
		0788271B2BDA94A900307EC8 /* Release */ = {
			isa = XCBuildConfiguration;
			buildSettings = {
				ALWAYS_EMBED_SWIFT_STANDARD_LIBRARIES = YES;
				CODE_SIGN_STYLE = Automatic;
				CURRENT_PROJECT_VERSION = 1;
				DEVELOPMENT_TEAM = 977Z6KPVB8;
				GENERATE_INFOPLIST_FILE = YES;
				MARKETING_VERSION = 1.0;
				PRODUCT_BUNDLE_IDENTIFIER = com.axeldev.AxelDexUITests;
				PRODUCT_NAME = "$(TARGET_NAME)";
				SWIFT_EMIT_LOC_STRINGS = NO;
				SWIFT_VERSION = 5.0;
				TARGETED_DEVICE_FAMILY = "1,2";
				TEST_TARGET_NAME = AxelDex;
			};
			name = Release;
		};
/* End XCBuildConfiguration section */

/* Begin XCConfigurationList section */
		078826EA2BDA94A700307EC8 /* Build configuration list for PBXProject "AxelDex" */ = {
			isa = XCConfigurationList;
			buildConfigurations = (
				078827112BDA94A900307EC8 /* Debug */,
				078827122BDA94A900307EC8 /* Release */,
			);
			defaultConfigurationIsVisible = 0;
			defaultConfigurationName = Release;
		};
		078827132BDA94A900307EC8 /* Build configuration list for PBXNativeTarget "AxelDex" */ = {
			isa = XCConfigurationList;
			buildConfigurations = (
				078827142BDA94A900307EC8 /* Debug */,
				078827152BDA94A900307EC8 /* Release */,
			);
			defaultConfigurationIsVisible = 0;
			defaultConfigurationName = Release;
		};
		078827162BDA94A900307EC8 /* Build configuration list for PBXNativeTarget "AxelDexTests" */ = {
			isa = XCConfigurationList;
			buildConfigurations = (
				078827172BDA94A900307EC8 /* Debug */,
				078827182BDA94A900307EC8 /* Release */,
			);
			defaultConfigurationIsVisible = 0;
			defaultConfigurationName = Release;
		};
		078827192BDA94A900307EC8 /* Build configuration list for PBXNativeTarget "AxelDexUITests" */ = {
			isa = XCConfigurationList;
			buildConfigurations = (
				0788271A2BDA94A900307EC8 /* Debug */,
				0788271B2BDA94A900307EC8 /* Release */,
			);
			defaultConfigurationIsVisible = 0;
			defaultConfigurationName = Release;
		};
/* End XCConfigurationList section */
	};
	rootObject = 078826E72BDA94A700307EC8 /* Project object */;
}
